
Microsoft Visual Studio Solution File, Format Version 12.00
# Visual Studio Version 16
VisualStudioVersion = 16.0.30804.86
MinimumVisualStudioVersion = 10.0.40219.1
Project("{FAE04EC0-301F-11D3-BF4B-00C04F79EFBC}") = "SuperHero", "SuperHero\SuperHero.csproj", "{C58D6B8D-8A4C-4390-9BA4-6BF674013344}"
EndProject
Global
	GlobalSection(SolutionConfigurationPlatforms) = preSolution
		Debug|Any CPU = Debug|Any CPU
		Release|Any CPU = Release|Any CPU
	EndGlobalSection
	GlobalSection(ProjectConfigurationPlatforms) = postSolution
		{C58D6B8D-8A4C-4390-9BA4-6BF674013344}.Debug|Any CPU.ActiveCfg = Debug|Any CPU
		{C58D6B8D-8A4C-4390-9BA4-6BF674013344}.Debug|Any CPU.Build.0 = Debug|Any CPU
		{C58D6B8D-8A4C-4390-9BA4-6BF674013344}.Release|Any CPU.ActiveCfg = Release|Any CPU
		{C58D6B8D-8A4C-4390-9BA4-6BF674013344}.Release|Any CPU.Build.0 = Release|Any CPU
	EndGlobalSection
	GlobalSection(SolutionProperties) = preSolution
		HideSolutionNode = FALSE
	EndGlobalSection
	GlobalSection(ExtensibilityGlobals) = postSolution
		SolutionGuid = {CEDC4C73-08FB-4CCA-8722-A7BDAC7F53C5}
	EndGlobalSection
EndGlobal
